
Microsoft Visual Studio Solution File, Format Version 12.00
# Visual Studio Version 16
VisualStudioVersion = 16.0.31205.134
MinimumVisualStudioVersion = 10.0.40219.1
Project("{8BC9CEB8-8B4A-11D0-8D11-00A0C91BC942}") = "Sacn_line", "Sacn_line.vcxproj", "{95B12C4D-B0A2-4F4F-A471-EF17ED7E502D}"
EndProject
Global
	GlobalSection(SolutionConfigurationPlatforms) = preSolution
		Debug|x64 = Debug|x64
		Debug|x86 = Debug|x86
		Release|x64 = Release|x64
		Release|x86 = Release|x86
	EndGlobalSection
	GlobalSection(ProjectConfigurationPlatforms) = postSolution
		{95B12C4D-B0A2-4F4F-A471-EF17ED7E502D}.Debug|x64.ActiveCfg = Debug|x64
		{95B12C4D-B0A2-4F4F-A471-EF17ED7E502D}.Debug|x64.Build.0 = Debug|x64
		{95B12C4D-B0A2-4F4F-A471-EF17ED7E502D}.Debug|x86.ActiveCfg = Debug|Win32
		{95B12C4D-B0A2-4F4F-A471-EF17ED7E502D}.Debug|x86.Build.0 = Debug|Win32
		{95B12C4D-B0A2-4F4F-A471-EF17ED7E502D}.Release|x64.ActiveCfg = Release|x64
		{95B12C4D-B0A2-4F4F-A471-EF17ED7E502D}.Release|x64.Build.0 = Release|x64
		{95B12C4D-B0A2-4F4F-A471-EF17ED7E502D}.Release|x86.ActiveCfg = Release|Win32
		{95B12C4D-B0A2-4F4F-A471-EF17ED7E502D}.Release|x86.Build.0 = Release|Win32
	EndGlobalSection
	GlobalSection(SolutionProperties) = preSolution
		HideSolutionNode = FALSE
	EndGlobalSection
	GlobalSection(ExtensibilityGlobals) = postSolution
		SolutionGuid = {BE81FFB4-68A6-4966-BC79-651111F8EA3F}
	EndGlobalSection
EndGlobal
